// !$*UTF8*$!
{
	archiveVersion = 1;
	classes = {
	};
	objectVersion = 52;
	objects = {

/* Begin PBXBuildFile section */
		F105DB2E2366E26C00ED888D /* APIImageConfigEndpoint.swift in Sources */ = {isa = PBXBuildFile; fileRef = F105DB2D2366E26C00ED888D /* APIImageConfigEndpoint.swift */; };
		F105DB302366E3B200ED888D /* Genre.swift in Sources */ = {isa = PBXBuildFile; fileRef = F105DB2F2366E3B200ED888D /* Genre.swift */; };
		F105DB322366F64B00ED888D /* GenreEndpoint.swift in Sources */ = {isa = PBXBuildFile; fileRef = F105DB312366F64B00ED888D /* GenreEndpoint.swift */; };
		F15322E42366D7E200F958F5 /* APIImageConfig.swift in Sources */ = {isa = PBXBuildFile; fileRef = F15322E32366D7E200F958F5 /* APIImageConfig.swift */; };
		F15FDC0223913F9900893172 /* BackgroundTaskStarter.swift in Sources */ = {isa = PBXBuildFile; fileRef = F15FDC0123913F9900893172 /* BackgroundTaskStarter.swift */; };
		F168213C2366F92D00B3D614 /* SplashViewController.swift in Sources */ = {isa = PBXBuildFile; fileRef = F168213B2366F92D00B3D614 /* SplashViewController.swift */; };
		F1823D7E23AE3475008F9687 /* NSAttributtedString+.swift in Sources */ = {isa = PBXBuildFile; fileRef = F1823D7D23AE3475008F9687 /* NSAttributtedString+.swift */; };
		F19236AB238BC96700E7F741 /* RequestBuilder.swift in Sources */ = {isa = PBXBuildFile; fileRef = F19236AA238BC96700E7F741 /* RequestBuilder.swift */; };
		F19236AD238BC99400E7F741 /* ResponseParser.swift in Sources */ = {isa = PBXBuildFile; fileRef = F19236AC238BC99400E7F741 /* ResponseParser.swift */; };
		F19236AF238C762900E7F741 /* EndpointModifiers.swift in Sources */ = {isa = PBXBuildFile; fileRef = F19236AE238C762900E7F741 /* EndpointModifiers.swift */; };
		F19236B1238C7AFA00E7F741 /* NetworkClient.swift in Sources */ = {isa = PBXBuildFile; fileRef = F19236B0238C7AFA00E7F741 /* NetworkClient.swift */; };
		F19B90E5236836AE00E11A0E /* PageResponse.swift in Sources */ = {isa = PBXBuildFile; fileRef = F19B90E4236836AE00E11A0E /* PageResponse.swift */; };
		F19B90E723683EAF00E11A0E /* RequestProfiler.swift in Sources */ = {isa = PBXBuildFile; fileRef = F19B90E623683EAF00E11A0E /* RequestProfiler.swift */; };
		F19B90E92368517F00E11A0E /* MoviesDiscoverer.swift in Sources */ = {isa = PBXBuildFile; fileRef = F19B90E82368517F00E11A0E /* MoviesDiscoverer.swift */; };
		F19B90EB236852B300E11A0E /* DataDependenciesResolver.swift in Sources */ = {isa = PBXBuildFile; fileRef = F19B90EA236852B300E11A0E /* DataDependenciesResolver.swift */; };
		F19B90ED2368530300E11A0E /* Dependencies.swift in Sources */ = {isa = PBXBuildFile; fileRef = F19B90EC2368530300E11A0E /* Dependencies.swift */; };
		F1A03B46237053C900E05E4F /* ImageURLBuilder.swift in Sources */ = {isa = PBXBuildFile; fileRef = F1A03B45237053C900E05E4F /* ImageURLBuilder.swift */; };
		F1A03BE223721BEC00E05E4F /* ImageURLBuilderTests.swift in Sources */ = {isa = PBXBuildFile; fileRef = F1A03BE123721BEC00E05E4F /* ImageURLBuilderTests.swift */; };
		F1A6E20B2363E0D900BFB6A7 /* AppDelegate.swift in Sources */ = {isa = PBXBuildFile; fileRef = F1A6E20A2363E0D900BFB6A7 /* AppDelegate.swift */; };
		F1A6E20D2363E0D900BFB6A7 /* SceneDelegate.swift in Sources */ = {isa = PBXBuildFile; fileRef = F1A6E20C2363E0D900BFB6A7 /* SceneDelegate.swift */; };
		F1A6E2142363E0DA00BFB6A7 /* Assets.xcassets in Resources */ = {isa = PBXBuildFile; fileRef = F1A6E2132363E0DA00BFB6A7 /* Assets.xcassets */; };
		F1A6E2172363E0DA00BFB6A7 /* LaunchScreen.storyboard in Resources */ = {isa = PBXBuildFile; fileRef = F1A6E2152363E0DA00BFB6A7 /* LaunchScreen.storyboard */; };
		F1A6E22D2363E0DA00BFB6A7 /* MasterMoviesAppUITests.swift in Sources */ = {isa = PBXBuildFile; fileRef = F1A6E22C2363E0DA00BFB6A7 /* MasterMoviesAppUITests.swift */; };
		F1A6E23C23641CB000BFB6A7 /* Movie.swift in Sources */ = {isa = PBXBuildFile; fileRef = F1A6E23B23641CB000BFB6A7 /* Movie.swift */; };
		F1A6E23E23641CF700BFB6A7 /* FeatureContent.swift in Sources */ = {isa = PBXBuildFile; fileRef = F1A6E23D23641CF700BFB6A7 /* FeatureContent.swift */; };
		F1A6E24023641FA000BFB6A7 /* MoviesViewController.swift in Sources */ = {isa = PBXBuildFile; fileRef = F1A6E23F23641FA000BFB6A7 /* MoviesViewController.swift */; };
		F1A6E2422365983A00BFB6A7 /* NetworkTypes.swift in Sources */ = {isa = PBXBuildFile; fileRef = F1A6E2412365983A00BFB6A7 /* NetworkTypes.swift */; };
		F1A6E2452365A00700BFB6A7 /* DiscoverEndpoints.swift in Sources */ = {isa = PBXBuildFile; fileRef = F1A6E2442365A00700BFB6A7 /* DiscoverEndpoints.swift */; };
		F1A6E2482365B5A900BFB6A7 /* Kingfisher in Frameworks */ = {isa = PBXBuildFile; productRef = F1A6E2472365B5A900BFB6A7 /* Kingfisher */; };
		F1A6E24B2365B73500BFB6A7 /* SectionTitleView.swift in Sources */ = {isa = PBXBuildFile; fileRef = F1A6E24A2365B73500BFB6A7 /* SectionTitleView.swift */; };
		F1A6E24D2365B74800BFB6A7 /* SectionActionView.swift in Sources */ = {isa = PBXBuildFile; fileRef = F1A6E24C2365B74800BFB6A7 /* SectionActionView.swift */; };
		F1A6E24F2365B76300BFB6A7 /* HeroMovieCell.swift in Sources */ = {isa = PBXBuildFile; fileRef = F1A6E24E2365B76300BFB6A7 /* HeroMovieCell.swift */; };
		F1A6E2512365B77200BFB6A7 /* MovieCell.swift in Sources */ = {isa = PBXBuildFile; fileRef = F1A6E2502365B77200BFB6A7 /* MovieCell.swift */; };
		F1A6E2542365B7EA00BFB6A7 /* DiscoverMoviesDataSource.swift in Sources */ = {isa = PBXBuildFile; fileRef = F1A6E2532365B7EA00BFB6A7 /* DiscoverMoviesDataSource.swift */; };
		F1A6E2572365BC3300BFB6A7 /* ColorTheme.swift in Sources */ = {isa = PBXBuildFile; fileRef = F1A6E2562365BC3300BFB6A7 /* ColorTheme.swift */; };
		F1A6E2592365C19500BFB6A7 /* TextStyleTheme.swift in Sources */ = {isa = PBXBuildFile; fileRef = F1A6E2582365C19500BFB6A7 /* TextStyleTheme.swift */; };
		F1A6E25B2365C57800BFB6A7 /* ReviewCounterView.swift in Sources */ = {isa = PBXBuildFile; fileRef = F1A6E25A2365C57800BFB6A7 /* ReviewCounterView.swift */; };
		F1F932A5236E33AF00F67139 /* APIRequestBuilderTests.swift in Sources */ = {isa = PBXBuildFile; fileRef = F1F932A4236E33AF00F67139 /* APIRequestBuilderTests.swift */; };
		F1F932A7236E7F6D00F67139 /* APIResponseParserTests.swift in Sources */ = {isa = PBXBuildFile; fileRef = F1F932A6236E7F6D00F67139 /* APIResponseParserTests.swift */; };
		F1F932AA236E7FC900F67139 /* sample-page.json in Resources */ = {isa = PBXBuildFile; fileRef = F1F932A9236E7FC900F67139 /* sample-page.json */; };
		F1F932AC236E9C2100F67139 /* NetworkClientTests.swift in Sources */ = {isa = PBXBuildFile; fileRef = F1F932AB236E9C2100F67139 /* NetworkClientTests.swift */; };
		F1F932AF236EBFF500F67139 /* MockURLProtocol.swift in Sources */ = {isa = PBXBuildFile; fileRef = F1F932AE236EBFF500F67139 /* MockURLProtocol.swift */; };
		F1F932B1236EC16900F67139 /* DiscoverEndpointsTests.swift in Sources */ = {isa = PBXBuildFile; fileRef = F1F932B0236EC16900F67139 /* DiscoverEndpointsTests.swift */; };
		F1F932B3236EC2A900F67139 /* discover-response.json in Resources */ = {isa = PBXBuildFile; fileRef = F1F932B2236EC2A900F67139 /* discover-response.json */; };
		F1F932B5236EC8FA00F67139 /* ImageConfigRequestTests.swift in Sources */ = {isa = PBXBuildFile; fileRef = F1F932B4236EC8FA00F67139 /* ImageConfigRequestTests.swift */; };
		F1F932B7236EC93F00F67139 /* configuration.json in Resources */ = {isa = PBXBuildFile; fileRef = F1F932B6236EC93F00F67139 /* configuration.json */; };
		F1F932B9236ECA2400F67139 /* GenreRequestTests.swift in Sources */ = {isa = PBXBuildFile; fileRef = F1F932B8236ECA2400F67139 /* GenreRequestTests.swift */; };
		F1F932BB236ECA5800F67139 /* movie-genres.json in Resources */ = {isa = PBXBuildFile; fileRef = F1F932BA236ECA5800F67139 /* movie-genres.json */; };
/* End PBXBuildFile section */

/* Begin PBXContainerItemProxy section */
		F1A6E21E2363E0DA00BFB6A7 /* PBXContainerItemProxy */ = {
			isa = PBXContainerItemProxy;
			containerPortal = F1A6E1FF2363E0D900BFB6A7 /* Project object */;
			proxyType = 1;
			remoteGlobalIDString = F1A6E2062363E0D900BFB6A7;
			remoteInfo = MasterMoviesApp;
		};
		F1A6E2292363E0DA00BFB6A7 /* PBXContainerItemProxy */ = {
			isa = PBXContainerItemProxy;
			containerPortal = F1A6E1FF2363E0D900BFB6A7 /* Project object */;
			proxyType = 1;
			remoteGlobalIDString = F1A6E2062363E0D900BFB6A7;
			remoteInfo = MasterMoviesApp;
		};
/* End PBXContainerItemProxy section */

/* Begin PBXFileReference section */
		F105DB2D2366E26C00ED888D /* APIImageConfigEndpoint.swift */ = {isa = PBXFileReference; lastKnownFileType = sourcecode.swift; path = APIImageConfigEndpoint.swift; sourceTree = "<group>"; };
		F105DB2F2366E3B200ED888D /* Genre.swift */ = {isa = PBXFileReference; lastKnownFileType = sourcecode.swift; path = Genre.swift; sourceTree = "<group>"; };
		F105DB312366F64B00ED888D /* GenreEndpoint.swift */ = {isa = PBXFileReference; lastKnownFileType = sourcecode.swift; path = GenreEndpoint.swift; sourceTree = "<group>"; };
		F15322E32366D7E200F958F5 /* APIImageConfig.swift */ = {isa = PBXFileReference; lastKnownFileType = sourcecode.swift; path = APIImageConfig.swift; sourceTree = "<group>"; };
		F15FDC0123913F9900893172 /* BackgroundTaskStarter.swift */ = {isa = PBXFileReference; lastKnownFileType = sourcecode.swift; path = BackgroundTaskStarter.swift; sourceTree = "<group>"; };
		F168213B2366F92D00B3D614 /* SplashViewController.swift */ = {isa = PBXFileReference; lastKnownFileType = sourcecode.swift; path = SplashViewController.swift; sourceTree = "<group>"; };
		F1823D7D23AE3475008F9687 /* NSAttributtedString+.swift */ = {isa = PBXFileReference; lastKnownFileType = sourcecode.swift; path = "NSAttributtedString+.swift"; sourceTree = "<group>"; };
		F19236AA238BC96700E7F741 /* RequestBuilder.swift */ = {isa = PBXFileReference; lastKnownFileType = sourcecode.swift; path = RequestBuilder.swift; sourceTree = "<group>"; };
		F19236AC238BC99400E7F741 /* ResponseParser.swift */ = {isa = PBXFileReference; lastKnownFileType = sourcecode.swift; path = ResponseParser.swift; sourceTree = "<group>"; };
		F19236AE238C762900E7F741 /* EndpointModifiers.swift */ = {isa = PBXFileReference; lastKnownFileType = sourcecode.swift; path = EndpointModifiers.swift; sourceTree = "<group>"; };
		F19236B0238C7AFA00E7F741 /* NetworkClient.swift */ = {isa = PBXFileReference; lastKnownFileType = sourcecode.swift; path = NetworkClient.swift; sourceTree = "<group>"; };
		F19B90E4236836AE00E11A0E /* PageResponse.swift */ = {isa = PBXFileReference; lastKnownFileType = sourcecode.swift; path = PageResponse.swift; sourceTree = "<group>"; };
		F19B90E623683EAF00E11A0E /* RequestProfiler.swift */ = {isa = PBXFileReference; lastKnownFileType = sourcecode.swift; path = RequestProfiler.swift; sourceTree = "<group>"; };
		F19B90E82368517F00E11A0E /* MoviesDiscoverer.swift */ = {isa = PBXFileReference; lastKnownFileType = sourcecode.swift; path = MoviesDiscoverer.swift; sourceTree = "<group>"; };
		F19B90EA236852B300E11A0E /* DataDependenciesResolver.swift */ = {isa = PBXFileReference; lastKnownFileType = sourcecode.swift; path = DataDependenciesResolver.swift; sourceTree = "<group>"; };
		F19B90EC2368530300E11A0E /* Dependencies.swift */ = {isa = PBXFileReference; lastKnownFileType = sourcecode.swift; path = Dependencies.swift; sourceTree = "<group>"; };
		F1A03B45237053C900E05E4F /* ImageURLBuilder.swift */ = {isa = PBXFileReference; lastKnownFileType = sourcecode.swift; path = ImageURLBuilder.swift; sourceTree = "<group>"; };
		F1A03BE123721BEC00E05E4F /* ImageURLBuilderTests.swift */ = {isa = PBXFileReference; lastKnownFileType = sourcecode.swift; path = ImageURLBuilderTests.swift; sourceTree = "<group>"; };
		F1A6E2072363E0D900BFB6A7 /* MasterMoviesApp.app */ = {isa = PBXFileReference; explicitFileType = wrapper.application; includeInIndex = 0; path = MasterMoviesApp.app; sourceTree = BUILT_PRODUCTS_DIR; };
		F1A6E20A2363E0D900BFB6A7 /* AppDelegate.swift */ = {isa = PBXFileReference; lastKnownFileType = sourcecode.swift; path = AppDelegate.swift; sourceTree = "<group>"; };
		F1A6E20C2363E0D900BFB6A7 /* SceneDelegate.swift */ = {isa = PBXFileReference; lastKnownFileType = sourcecode.swift; path = SceneDelegate.swift; sourceTree = "<group>"; };
		F1A6E2132363E0DA00BFB6A7 /* Assets.xcassets */ = {isa = PBXFileReference; lastKnownFileType = folder.assetcatalog; path = Assets.xcassets; sourceTree = "<group>"; };
		F1A6E2162363E0DA00BFB6A7 /* Base */ = {isa = PBXFileReference; lastKnownFileType = file.storyboard; name = Base; path = Base.lproj/LaunchScreen.storyboard; sourceTree = "<group>"; };
		F1A6E2182363E0DA00BFB6A7 /* Info.plist */ = {isa = PBXFileReference; lastKnownFileType = text.plist.xml; path = Info.plist; sourceTree = "<group>"; };
		F1A6E21D2363E0DA00BFB6A7 /* MasterMoviesAppTests.xctest */ = {isa = PBXFileReference; explicitFileType = wrapper.cfbundle; includeInIndex = 0; path = MasterMoviesAppTests.xctest; sourceTree = BUILT_PRODUCTS_DIR; };
		F1A6E2232363E0DA00BFB6A7 /* Info.plist */ = {isa = PBXFileReference; lastKnownFileType = text.plist.xml; path = Info.plist; sourceTree = "<group>"; };
		F1A6E2282363E0DA00BFB6A7 /* MasterMoviesAppUITests.xctest */ = {isa = PBXFileReference; explicitFileType = wrapper.cfbundle; includeInIndex = 0; path = MasterMoviesAppUITests.xctest; sourceTree = BUILT_PRODUCTS_DIR; };
		F1A6E22C2363E0DA00BFB6A7 /* MasterMoviesAppUITests.swift */ = {isa = PBXFileReference; lastKnownFileType = sourcecode.swift; path = MasterMoviesAppUITests.swift; sourceTree = "<group>"; };
		F1A6E22E2363E0DA00BFB6A7 /* Info.plist */ = {isa = PBXFileReference; lastKnownFileType = text.plist.xml; path = Info.plist; sourceTree = "<group>"; };
		F1A6E23B23641CB000BFB6A7 /* Movie.swift */ = {isa = PBXFileReference; lastKnownFileType = sourcecode.swift; path = Movie.swift; sourceTree = "<group>"; };
		F1A6E23D23641CF700BFB6A7 /* FeatureContent.swift */ = {isa = PBXFileReference; lastKnownFileType = sourcecode.swift; path = FeatureContent.swift; sourceTree = "<group>"; };
		F1A6E23F23641FA000BFB6A7 /* MoviesViewController.swift */ = {isa = PBXFileReference; lastKnownFileType = sourcecode.swift; path = MoviesViewController.swift; sourceTree = "<group>"; };
		F1A6E2412365983A00BFB6A7 /* NetworkTypes.swift */ = {isa = PBXFileReference; lastKnownFileType = sourcecode.swift; path = NetworkTypes.swift; sourceTree = "<group>"; };
		F1A6E2442365A00700BFB6A7 /* DiscoverEndpoints.swift */ = {isa = PBXFileReference; lastKnownFileType = sourcecode.swift; path = DiscoverEndpoints.swift; sourceTree = "<group>"; };
		F1A6E24A2365B73500BFB6A7 /* SectionTitleView.swift */ = {isa = PBXFileReference; lastKnownFileType = sourcecode.swift; path = SectionTitleView.swift; sourceTree = "<group>"; };
		F1A6E24C2365B74800BFB6A7 /* SectionActionView.swift */ = {isa = PBXFileReference; lastKnownFileType = sourcecode.swift; path = SectionActionView.swift; sourceTree = "<group>"; };
		F1A6E24E2365B76300BFB6A7 /* HeroMovieCell.swift */ = {isa = PBXFileReference; lastKnownFileType = sourcecode.swift; path = HeroMovieCell.swift; sourceTree = "<group>"; };
		F1A6E2502365B77200BFB6A7 /* MovieCell.swift */ = {isa = PBXFileReference; lastKnownFileType = sourcecode.swift; path = MovieCell.swift; sourceTree = "<group>"; };
		F1A6E2532365B7EA00BFB6A7 /* DiscoverMoviesDataSource.swift */ = {isa = PBXFileReference; lastKnownFileType = sourcecode.swift; path = DiscoverMoviesDataSource.swift; sourceTree = "<group>"; };
		F1A6E2562365BC3300BFB6A7 /* ColorTheme.swift */ = {isa = PBXFileReference; lastKnownFileType = sourcecode.swift; path = ColorTheme.swift; sourceTree = "<group>"; };
		F1A6E2582365C19500BFB6A7 /* TextStyleTheme.swift */ = {isa = PBXFileReference; lastKnownFileType = sourcecode.swift; path = TextStyleTheme.swift; sourceTree = "<group>"; };
		F1A6E25A2365C57800BFB6A7 /* ReviewCounterView.swift */ = {isa = PBXFileReference; lastKnownFileType = sourcecode.swift; path = ReviewCounterView.swift; sourceTree = "<group>"; };
		F1F932A4236E33AF00F67139 /* APIRequestBuilderTests.swift */ = {isa = PBXFileReference; lastKnownFileType = sourcecode.swift; path = APIRequestBuilderTests.swift; sourceTree = "<group>"; };
		F1F932A6236E7F6D00F67139 /* APIResponseParserTests.swift */ = {isa = PBXFileReference; lastKnownFileType = sourcecode.swift; path = APIResponseParserTests.swift; sourceTree = "<group>"; };
		F1F932A9236E7FC900F67139 /* sample-page.json */ = {isa = PBXFileReference; lastKnownFileType = text.json; path = "sample-page.json"; sourceTree = "<group>"; };
		F1F932AB236E9C2100F67139 /* NetworkClientTests.swift */ = {isa = PBXFileReference; lastKnownFileType = sourcecode.swift; path = NetworkClientTests.swift; sourceTree = "<group>"; };
		F1F932AE236EBFF500F67139 /* MockURLProtocol.swift */ = {isa = PBXFileReference; lastKnownFileType = sourcecode.swift; path = MockURLProtocol.swift; sourceTree = "<group>"; };
		F1F932B0236EC16900F67139 /* DiscoverEndpointsTests.swift */ = {isa = PBXFileReference; lastKnownFileType = sourcecode.swift; path = DiscoverEndpointsTests.swift; sourceTree = "<group>"; };
		F1F932B2236EC2A900F67139 /* discover-response.json */ = {isa = PBXFileReference; lastKnownFileType = text.json; path = "discover-response.json"; sourceTree = "<group>"; };
		F1F932B4236EC8FA00F67139 /* ImageConfigRequestTests.swift */ = {isa = PBXFileReference; lastKnownFileType = sourcecode.swift; path = ImageConfigRequestTests.swift; sourceTree = "<group>"; };
		F1F932B6236EC93F00F67139 /* configuration.json */ = {isa = PBXFileReference; lastKnownFileType = text.json; path = configuration.json; sourceTree = "<group>"; };
		F1F932B8236ECA2400F67139 /* GenreRequestTests.swift */ = {isa = PBXFileReference; lastKnownFileType = sourcecode.swift; path = GenreRequestTests.swift; sourceTree = "<group>"; };
		F1F932BA236ECA5800F67139 /* movie-genres.json */ = {isa = PBXFileReference; lastKnownFileType = text.json; path = "movie-genres.json"; sourceTree = "<group>"; };
/* End PBXFileReference section */

/* Begin PBXFrameworksBuildPhase section */
		F1A6E2042363E0D900BFB6A7 /* Frameworks */ = {
			isa = PBXFrameworksBuildPhase;
			buildActionMask = 2147483647;
			files = (
				F1A6E2482365B5A900BFB6A7 /* Kingfisher in Frameworks */,
			);
			runOnlyForDeploymentPostprocessing = 0;
		};
		F1A6E21A2363E0DA00BFB6A7 /* Frameworks */ = {
			isa = PBXFrameworksBuildPhase;
			buildActionMask = 2147483647;
			files = (
			);
			runOnlyForDeploymentPostprocessing = 0;
		};
		F1A6E2252363E0DA00BFB6A7 /* Frameworks */ = {
			isa = PBXFrameworksBuildPhase;
			buildActionMask = 2147483647;
			files = (
			);
			runOnlyForDeploymentPostprocessing = 0;
		};
/* End PBXFrameworksBuildPhase section */

/* Begin PBXGroup section */
		F15FDC0023913F8500893172 /* Network Client Observers */ = {
			isa = PBXGroup;
			children = (
				F15FDC0123913F9900893172 /* BackgroundTaskStarter.swift */,
				F19B90E623683EAF00E11A0E /* RequestProfiler.swift */,
			);
			path = "Network Client Observers";
			sourceTree = "<group>";
		};
		F1823D7C23AE3465008F9687 /* Extensions */ = {
			isa = PBXGroup;
			children = (
				F1823D7D23AE3475008F9687 /* NSAttributtedString+.swift */,
			);
			path = Extensions;
			sourceTree = "<group>";
		};
		F1A6E1FE2363E0D900BFB6A7 = {
			isa = PBXGroup;
			children = (
				F1A6E2092363E0D900BFB6A7 /* MasterMoviesApp */,
				F1A6E2202363E0DA00BFB6A7 /* MasterMoviesAppTests */,
				F1A6E22B2363E0DA00BFB6A7 /* MasterMoviesAppUITests */,
				F1A6E2082363E0D900BFB6A7 /* Products */,
			);
			sourceTree = "<group>";
		};
		F1A6E2082363E0D900BFB6A7 /* Products */ = {
			isa = PBXGroup;
			children = (
				F1A6E2072363E0D900BFB6A7 /* MasterMoviesApp.app */,
				F1A6E21D2363E0DA00BFB6A7 /* MasterMoviesAppTests.xctest */,
				F1A6E2282363E0DA00BFB6A7 /* MasterMoviesAppUITests.xctest */,
			);
			name = Products;
			sourceTree = "<group>";
		};
		F1A6E2092363E0D900BFB6A7 /* MasterMoviesApp */ = {
			isa = PBXGroup;
			children = (
				F1823D7C23AE3465008F9687 /* Extensions */,
				F1A6E23A23641CA300BFB6A7 /* Models */,
				F1A6E24323659FF100BFB6A7 /* Network Requests */,
				F1A6E2522365B7D100BFB6A7 /* Data Sources */,
				F1A6E2492365B71B00BFB6A7 /* Views */,
				F1A6E2552365B93900BFB6A7 /* View Controllers */,
				F1A6E20A2363E0D900BFB6A7 /* AppDelegate.swift */,
				F1A6E20C2363E0D900BFB6A7 /* SceneDelegate.swift */,
				F1A6E2132363E0DA00BFB6A7 /* Assets.xcassets */,
				F1A6E2152363E0DA00BFB6A7 /* LaunchScreen.storyboard */,
				F1A6E2182363E0DA00BFB6A7 /* Info.plist */,
				F1A6E2562365BC3300BFB6A7 /* ColorTheme.swift */,
				F1A6E2582365C19500BFB6A7 /* TextStyleTheme.swift */,
				F19B90E82368517F00E11A0E /* MoviesDiscoverer.swift */,
				F19B90EA236852B300E11A0E /* DataDependenciesResolver.swift */,
				F19B90EC2368530300E11A0E /* Dependencies.swift */,
				F1A03B45237053C900E05E4F /* ImageURLBuilder.swift */,
			);
			path = MasterMoviesApp;
			sourceTree = "<group>";
		};
		F1A6E2202363E0DA00BFB6A7 /* MasterMoviesAppTests */ = {
			isa = PBXGroup;
			children = (
				F1F932AD236EBFD100F67139 /* Utils */,
				F1F932A8236E7F9200F67139 /* Resources */,
				F1F932A3236E339300F67139 /* Network Requests */,
				F1A6E2232363E0DA00BFB6A7 /* Info.plist */,
				F1A03BE123721BEC00E05E4F /* ImageURLBuilderTests.swift */,
			);
			path = MasterMoviesAppTests;
			sourceTree = "<group>";
		};
		F1A6E22B2363E0DA00BFB6A7 /* MasterMoviesAppUITests */ = {
			isa = PBXGroup;
			children = (
				F1A6E22C2363E0DA00BFB6A7 /* MasterMoviesAppUITests.swift */,
				F1A6E22E2363E0DA00BFB6A7 /* Info.plist */,
			);
			path = MasterMoviesAppUITests;
			sourceTree = "<group>";
		};
		F1A6E23A23641CA300BFB6A7 /* Models */ = {
			isa = PBXGroup;
			children = (
				F15322E32366D7E200F958F5 /* APIImageConfig.swift */,
				F1A6E23D23641CF700BFB6A7 /* FeatureContent.swift */,
				F105DB2F2366E3B200ED888D /* Genre.swift */,
				F1A6E23B23641CB000BFB6A7 /* Movie.swift */,
				F19B90E4236836AE00E11A0E /* PageResponse.swift */,
			);
			path = Models;
			sourceTree = "<group>";
		};
		F1A6E24323659FF100BFB6A7 /* Network Requests */ = {
			isa = PBXGroup;
			children = (
				F15FDC0023913F8500893172 /* Network Client Observers */,
				F1A6E2412365983A00BFB6A7 /* NetworkTypes.swift */,
				F19236B0238C7AFA00E7F741 /* NetworkClient.swift */,
				F19236AA238BC96700E7F741 /* RequestBuilder.swift */,
				F19236AC238BC99400E7F741 /* ResponseParser.swift */,
				F19236AE238C762900E7F741 /* EndpointModifiers.swift */,
				F1A6E2442365A00700BFB6A7 /* DiscoverEndpoints.swift */,
				F105DB2D2366E26C00ED888D /* APIImageConfigEndpoint.swift */,
				F105DB312366F64B00ED888D /* GenreEndpoint.swift */,
			);
			path = "Network Requests";
			sourceTree = "<group>";
		};
		F1A6E2492365B71B00BFB6A7 /* Views */ = {
			isa = PBXGroup;
			children = (
				F1A6E24A2365B73500BFB6A7 /* SectionTitleView.swift */,
				F1A6E24C2365B74800BFB6A7 /* SectionActionView.swift */,
				F1A6E24E2365B76300BFB6A7 /* HeroMovieCell.swift */,
				F1A6E2502365B77200BFB6A7 /* MovieCell.swift */,
				F1A6E25A2365C57800BFB6A7 /* ReviewCounterView.swift */,
			);
			path = Views;
			sourceTree = "<group>";
		};
		F1A6E2522365B7D100BFB6A7 /* Data Sources */ = {
			isa = PBXGroup;
			children = (
				F1A6E2532365B7EA00BFB6A7 /* DiscoverMoviesDataSource.swift */,
			);
			path = "Data Sources";
			sourceTree = "<group>";
		};
		F1A6E2552365B93900BFB6A7 /* View Controllers */ = {
			isa = PBXGroup;
			children = (
				F1A6E23F23641FA000BFB6A7 /* MoviesViewController.swift */,
				F168213B2366F92D00B3D614 /* SplashViewController.swift */,
			);
			path = "View Controllers";
			sourceTree = "<group>";
		};
		F1F932A3236E339300F67139 /* Network Requests */ = {
			isa = PBXGroup;
			children = (
				F1F932A4236E33AF00F67139 /* APIRequestBuilderTests.swift */,
				F1F932A6236E7F6D00F67139 /* APIResponseParserTests.swift */,
				F1F932AB236E9C2100F67139 /* NetworkClientTests.swift */,
				F1F932B0236EC16900F67139 /* DiscoverEndpointsTests.swift */,
				F1F932B4236EC8FA00F67139 /* ImageConfigRequestTests.swift */,
				F1F932B8236ECA2400F67139 /* GenreRequestTests.swift */,
			);
			path = "Network Requests";
			sourceTree = "<group>";
		};
		F1F932A8236E7F9200F67139 /* Resources */ = {
			isa = PBXGroup;
			children = (
				F1F932A9236E7FC900F67139 /* sample-page.json */,
				F1F932B2236EC2A900F67139 /* discover-response.json */,
				F1F932B6236EC93F00F67139 /* configuration.json */,
				F1F932BA236ECA5800F67139 /* movie-genres.json */,
			);
			path = Resources;
			sourceTree = "<group>";
		};
		F1F932AD236EBFD100F67139 /* Utils */ = {
			isa = PBXGroup;
			children = (
				F1F932AE236EBFF500F67139 /* MockURLProtocol.swift */,
			);
			path = Utils;
			sourceTree = "<group>";
		};
/* End PBXGroup section */

/* Begin PBXNativeTarget section */
		F1A6E2062363E0D900BFB6A7 /* MasterMoviesApp */ = {
			isa = PBXNativeTarget;
			buildConfigurationList = F1A6E2312363E0DA00BFB6A7 /* Build configuration list for PBXNativeTarget "MasterMoviesApp" */;
			buildPhases = (
				F1A6E2032363E0D900BFB6A7 /* Sources */,
				F1A6E2042363E0D900BFB6A7 /* Frameworks */,
				F1A6E2052363E0D900BFB6A7 /* Resources */,
			);
			buildRules = (
			);
			dependencies = (
			);
			name = MasterMoviesApp;
			packageProductDependencies = (
				F1A6E2472365B5A900BFB6A7 /* Kingfisher */,
			);
			productName = MasterMoviesApp;
			productReference = F1A6E2072363E0D900BFB6A7 /* MasterMoviesApp.app */;
			productType = "com.apple.product-type.application";
		};
		F1A6E21C2363E0DA00BFB6A7 /* MasterMoviesAppTests */ = {
			isa = PBXNativeTarget;
			buildConfigurationList = F1A6E2342363E0DA00BFB6A7 /* Build configuration list for PBXNativeTarget "MasterMoviesAppTests" */;
			buildPhases = (
				F1A6E2192363E0DA00BFB6A7 /* Sources */,
				F1A6E21A2363E0DA00BFB6A7 /* Frameworks */,
				F1A6E21B2363E0DA00BFB6A7 /* Resources */,
			);
			buildRules = (
			);
			dependencies = (
				F1A6E21F2363E0DA00BFB6A7 /* PBXTargetDependency */,
			);
			name = MasterMoviesAppTests;
			productName = MasterMoviesAppTests;
			productReference = F1A6E21D2363E0DA00BFB6A7 /* MasterMoviesAppTests.xctest */;
			productType = "com.apple.product-type.bundle.unit-test";
		};
		F1A6E2272363E0DA00BFB6A7 /* MasterMoviesAppUITests */ = {
			isa = PBXNativeTarget;
			buildConfigurationList = F1A6E2372363E0DA00BFB6A7 /* Build configuration list for PBXNativeTarget "MasterMoviesAppUITests" */;
			buildPhases = (
				F1A6E2242363E0DA00BFB6A7 /* Sources */,
				F1A6E2252363E0DA00BFB6A7 /* Frameworks */,
				F1A6E2262363E0DA00BFB6A7 /* Resources */,
			);
			buildRules = (
			);
			dependencies = (
				F1A6E22A2363E0DA00BFB6A7 /* PBXTargetDependency */,
			);
			name = MasterMoviesAppUITests;
			productName = MasterMoviesAppUITests;
			productReference = F1A6E2282363E0DA00BFB6A7 /* MasterMoviesAppUITests.xctest */;
			productType = "com.apple.product-type.bundle.ui-testing";
		};
/* End PBXNativeTarget section */

/* Begin PBXProject section */
		F1A6E1FF2363E0D900BFB6A7 /* Project object */ = {
			isa = PBXProject;
			attributes = {
				LastSwiftUpdateCheck = 1110;
				LastUpgradeCheck = 1110;
				ORGANIZATIONNAME = "Reynaldo Aguilar";
				TargetAttributes = {
					F1A6E2062363E0D900BFB6A7 = {
						CreatedOnToolsVersion = 11.1;
					};
					F1A6E21C2363E0DA00BFB6A7 = {
						CreatedOnToolsVersion = 11.1;
						TestTargetID = F1A6E2062363E0D900BFB6A7;
					};
					F1A6E2272363E0DA00BFB6A7 = {
						CreatedOnToolsVersion = 11.1;
						TestTargetID = F1A6E2062363E0D900BFB6A7;
					};
				};
			};
			buildConfigurationList = F1A6E2022363E0D900BFB6A7 /* Build configuration list for PBXProject "MasterMoviesApp" */;
			compatibilityVersion = "Xcode 9.3";
			developmentRegion = en;
			hasScannedForEncodings = 0;
			knownRegions = (
				en,
				Base,
			);
			mainGroup = F1A6E1FE2363E0D900BFB6A7;
			packageReferences = (
				F1A6E2462365B5A900BFB6A7 /* XCRemoteSwiftPackageReference "Kingfisher" */,
			);
			productRefGroup = F1A6E2082363E0D900BFB6A7 /* Products */;
			projectDirPath = "";
			projectRoot = "";
			targets = (
				F1A6E2062363E0D900BFB6A7 /* MasterMoviesApp */,
				F1A6E21C2363E0DA00BFB6A7 /* MasterMoviesAppTests */,
				F1A6E2272363E0DA00BFB6A7 /* MasterMoviesAppUITests */,
			);
		};
/* End PBXProject section */

/* Begin PBXResourcesBuildPhase section */
		F1A6E2052363E0D900BFB6A7 /* Resources */ = {
			isa = PBXResourcesBuildPhase;
			buildActionMask = 2147483647;
			files = (
				F1A6E2172363E0DA00BFB6A7 /* LaunchScreen.storyboard in Resources */,
				F1A6E2142363E0DA00BFB6A7 /* Assets.xcassets in Resources */,
			);
			runOnlyForDeploymentPostprocessing = 0;
		};
		F1A6E21B2363E0DA00BFB6A7 /* Resources */ = {
			isa = PBXResourcesBuildPhase;
			buildActionMask = 2147483647;
			files = (
				F1F932AA236E7FC900F67139 /* sample-page.json in Resources */,
				F1F932B7236EC93F00F67139 /* configuration.json in Resources */,
				F1F932BB236ECA5800F67139 /* movie-genres.json in Resources */,
				F1F932B3236EC2A900F67139 /* discover-response.json in Resources */,
			);
			runOnlyForDeploymentPostprocessing = 0;
		};
		F1A6E2262363E0DA00BFB6A7 /* Resources */ = {
			isa = PBXResourcesBuildPhase;
			buildActionMask = 2147483647;
			files = (
			);
			runOnlyForDeploymentPostprocessing = 0;
		};
/* End PBXResourcesBuildPhase section */

/* Begin PBXSourcesBuildPhase section */
		F1A6E2032363E0D900BFB6A7 /* Sources */ = {
			isa = PBXSourcesBuildPhase;
			buildActionMask = 2147483647;
			files = (
				F19B90E723683EAF00E11A0E /* RequestProfiler.swift in Sources */,
				F1A6E20B2363E0D900BFB6A7 /* AppDelegate.swift in Sources */,
				F1A6E24D2365B74800BFB6A7 /* SectionActionView.swift in Sources */,
				F19236AB238BC96700E7F741 /* RequestBuilder.swift in Sources */,
				F1823D7E23AE3475008F9687 /* NSAttributtedString+.swift in Sources */,
				F1A6E23E23641CF700BFB6A7 /* FeatureContent.swift in Sources */,
				F1A6E2512365B77200BFB6A7 /* MovieCell.swift in Sources */,
				F1A6E23C23641CB000BFB6A7 /* Movie.swift in Sources */,
				F105DB322366F64B00ED888D /* GenreEndpoint.swift in Sources */,
				F15FDC0223913F9900893172 /* BackgroundTaskStarter.swift in Sources */,
				F19B90EB236852B300E11A0E /* DataDependenciesResolver.swift in Sources */,
				F1A6E2572365BC3300BFB6A7 /* ColorTheme.swift in Sources */,
				F1A6E24F2365B76300BFB6A7 /* HeroMovieCell.swift in Sources */,
				F19236B1238C7AFA00E7F741 /* NetworkClient.swift in Sources */,
				F19B90E92368517F00E11A0E /* MoviesDiscoverer.swift in Sources */,
				F1A6E2542365B7EA00BFB6A7 /* DiscoverMoviesDataSource.swift in Sources */,
				F1A6E2592365C19500BFB6A7 /* TextStyleTheme.swift in Sources */,
				F19B90E5236836AE00E11A0E /* PageResponse.swift in Sources */,
				F105DB302366E3B200ED888D /* Genre.swift in Sources */,
				F19236AD238BC99400E7F741 /* ResponseParser.swift in Sources */,
				F1A03B46237053C900E05E4F /* ImageURLBuilder.swift in Sources */,
				F1A6E24B2365B73500BFB6A7 /* SectionTitleView.swift in Sources */,
				F105DB2E2366E26C00ED888D /* APIImageConfigEndpoint.swift in Sources */,
				F15322E42366D7E200F958F5 /* APIImageConfig.swift in Sources */,
				F1A6E20D2363E0D900BFB6A7 /* SceneDelegate.swift in Sources */,
				F19B90ED2368530300E11A0E /* Dependencies.swift in Sources */,
				F1A6E25B2365C57800BFB6A7 /* ReviewCounterView.swift in Sources */,
				F1A6E2452365A00700BFB6A7 /* DiscoverEndpoints.swift in Sources */,
				F1A6E2422365983A00BFB6A7 /* NetworkTypes.swift in Sources */,
				F1A6E24023641FA000BFB6A7 /* MoviesViewController.swift in Sources */,
				F168213C2366F92D00B3D614 /* SplashViewController.swift in Sources */,
				F19236AF238C762900E7F741 /* EndpointModifiers.swift in Sources */,
			);
			runOnlyForDeploymentPostprocessing = 0;
		};
		F1A6E2192363E0DA00BFB6A7 /* Sources */ = {
			isa = PBXSourcesBuildPhase;
			buildActionMask = 2147483647;
			files = (
				F1F932A5236E33AF00F67139 /* APIRequestBuilderTests.swift in Sources */,
				F1F932A7236E7F6D00F67139 /* APIResponseParserTests.swift in Sources */,
				F1F932B1236EC16900F67139 /* DiscoverEndpointsTests.swift in Sources */,
				F1F932B5236EC8FA00F67139 /* ImageConfigRequestTests.swift in Sources */,
				F1F932AC236E9C2100F67139 /* NetworkClientTests.swift in Sources */,
				F1A03BE223721BEC00E05E4F /* ImageURLBuilderTests.swift in Sources */,
				F1F932B9236ECA2400F67139 /* GenreRequestTests.swift in Sources */,
				F1F932AF236EBFF500F67139 /* MockURLProtocol.swift in Sources */,
			);
			runOnlyForDeploymentPostprocessing = 0;
		};
		F1A6E2242363E0DA00BFB6A7 /* Sources */ = {
			isa = PBXSourcesBuildPhase;
			buildActionMask = 2147483647;
			files = (
				F1A6E22D2363E0DA00BFB6A7 /* MasterMoviesAppUITests.swift in Sources */,
			);
			runOnlyForDeploymentPostprocessing = 0;
		};
/* End PBXSourcesBuildPhase section */

/* Begin PBXTargetDependency section */
		F1A6E21F2363E0DA00BFB6A7 /* PBXTargetDependency */ = {
			isa = PBXTargetDependency;
			target = F1A6E2062363E0D900BFB6A7 /* MasterMoviesApp */;
			targetProxy = F1A6E21E2363E0DA00BFB6A7 /* PBXContainerItemProxy */;
		};
		F1A6E22A2363E0DA00BFB6A7 /* PBXTargetDependency */ = {
			isa = PBXTargetDependency;
			target = F1A6E2062363E0D900BFB6A7 /* MasterMoviesApp */;
			targetProxy = F1A6E2292363E0DA00BFB6A7 /* PBXContainerItemProxy */;
		};
/* End PBXTargetDependency section */

/* Begin PBXVariantGroup section */
		F1A6E2152363E0DA00BFB6A7 /* LaunchScreen.storyboard */ = {
			isa = PBXVariantGroup;
			children = (
				F1A6E2162363E0DA00BFB6A7 /* Base */,
			);
			name = LaunchScreen.storyboard;
			sourceTree = "<group>";
		};
/* End PBXVariantGroup section */

/* Begin XCBuildConfiguration section */
		F1A6E22F2363E0DA00BFB6A7 /* Debug */ = {
			isa = XCBuildConfiguration;
			buildSettings = {
				ALWAYS_SEARCH_USER_PATHS = NO;
				CLANG_ANALYZER_NONNULL = YES;
				CLANG_ANALYZER_NUMBER_OBJECT_CONVERSION = YES_AGGRESSIVE;
				CLANG_CXX_LANGUAGE_STANDARD = "gnu++14";
				CLANG_CXX_LIBRARY = "libc++";
				CLANG_ENABLE_MODULES = YES;
				CLANG_ENABLE_OBJC_ARC = YES;
				CLANG_ENABLE_OBJC_WEAK = YES;
				CLANG_WARN_BLOCK_CAPTURE_AUTORELEASING = YES;
				CLANG_WARN_BOOL_CONVERSION = YES;
				CLANG_WARN_COMMA = YES;
				CLANG_WARN_CONSTANT_CONVERSION = YES;
				CLANG_WARN_DEPRECATED_OBJC_IMPLEMENTATIONS = YES;
				CLANG_WARN_DIRECT_OBJC_ISA_USAGE = YES_ERROR;
				CLANG_WARN_DOCUMENTATION_COMMENTS = YES;
				CLANG_WARN_EMPTY_BODY = YES;
				CLANG_WARN_ENUM_CONVERSION = YES;
				CLANG_WARN_INFINITE_RECURSION = YES;
				CLANG_WARN_INT_CONVERSION = YES;
				CLANG_WARN_NON_LITERAL_NULL_CONVERSION = YES;
				CLANG_WARN_OBJC_IMPLICIT_RETAIN_SELF = YES;
				CLANG_WARN_OBJC_LITERAL_CONVERSION = YES;
				CLANG_WARN_OBJC_ROOT_CLASS = YES_ERROR;
				CLANG_WARN_RANGE_LOOP_ANALYSIS = YES;
				CLANG_WARN_STRICT_PROTOTYPES = YES;
				CLANG_WARN_SUSPICIOUS_MOVE = YES;
				CLANG_WARN_UNGUARDED_AVAILABILITY = YES_AGGRESSIVE;
				CLANG_WARN_UNREACHABLE_CODE = YES;
				CLANG_WARN__DUPLICATE_METHOD_MATCH = YES;
				COPY_PHASE_STRIP = NO;
				DEBUG_INFORMATION_FORMAT = dwarf;
				ENABLE_STRICT_OBJC_MSGSEND = YES;
				ENABLE_TESTABILITY = YES;
				GCC_C_LANGUAGE_STANDARD = gnu11;
				GCC_DYNAMIC_NO_PIC = NO;
				GCC_NO_COMMON_BLOCKS = YES;
				GCC_OPTIMIZATION_LEVEL = 0;
				GCC_PREPROCESSOR_DEFINITIONS = (
					"DEBUG=1",
					"$(inherited)",
				);
				GCC_WARN_64_TO_32_BIT_CONVERSION = YES;
				GCC_WARN_ABOUT_RETURN_TYPE = YES_ERROR;
				GCC_WARN_UNDECLARED_SELECTOR = YES;
				GCC_WARN_UNINITIALIZED_AUTOS = YES_AGGRESSIVE;
				GCC_WARN_UNUSED_FUNCTION = YES;
				GCC_WARN_UNUSED_VARIABLE = YES;
				IPHONEOS_DEPLOYMENT_TARGET = 13.1;
				MTL_ENABLE_DEBUG_INFO = INCLUDE_SOURCE;
				MTL_FAST_MATH = YES;
				ONLY_ACTIVE_ARCH = YES;
				SDKROOT = iphoneos;
				SWIFT_ACTIVE_COMPILATION_CONDITIONS = DEBUG;
				SWIFT_OPTIMIZATION_LEVEL = "-Onone";
			};
			name = Debug;
		};
		F1A6E2302363E0DA00BFB6A7 /* Release */ = {
			isa = XCBuildConfiguration;
			buildSettings = {
				ALWAYS_SEARCH_USER_PATHS = NO;
				CLANG_ANALYZER_NONNULL = YES;
				CLANG_ANALYZER_NUMBER_OBJECT_CONVERSION = YES_AGGRESSIVE;
				CLANG_CXX_LANGUAGE_STANDARD = "gnu++14";
				CLANG_CXX_LIBRARY = "libc++";
				CLANG_ENABLE_MODULES = YES;
				CLANG_ENABLE_OBJC_ARC = YES;
				CLANG_ENABLE_OBJC_WEAK = YES;
				CLANG_WARN_BLOCK_CAPTURE_AUTORELEASING = YES;
				CLANG_WARN_BOOL_CONVERSION = YES;
				CLANG_WARN_COMMA = YES;
				CLANG_WARN_CONSTANT_CONVERSION = YES;
				CLANG_WARN_DEPRECATED_OBJC_IMPLEMENTATIONS = YES;
				CLANG_WARN_DIRECT_OBJC_ISA_USAGE = YES_ERROR;
				CLANG_WARN_DOCUMENTATION_COMMENTS = YES;
				CLANG_WARN_EMPTY_BODY = YES;
				CLANG_WARN_ENUM_CONVERSION = YES;
				CLANG_WARN_INFINITE_RECURSION = YES;
				CLANG_WARN_INT_CONVERSION = YES;
				CLANG_WARN_NON_LITERAL_NULL_CONVERSION = YES;
				CLANG_WARN_OBJC_IMPLICIT_RETAIN_SELF = YES;
				CLANG_WARN_OBJC_LITERAL_CONVERSION = YES;
				CLANG_WARN_OBJC_ROOT_CLASS = YES_ERROR;
				CLANG_WARN_RANGE_LOOP_ANALYSIS = YES;
				CLANG_WARN_STRICT_PROTOTYPES = YES;
				CLANG_WARN_SUSPICIOUS_MOVE = YES;
				CLANG_WARN_UNGUARDED_AVAILABILITY = YES_AGGRESSIVE;
				CLANG_WARN_UNREACHABLE_CODE = YES;
				CLANG_WARN__DUPLICATE_METHOD_MATCH = YES;
				COPY_PHASE_STRIP = NO;
				DEBUG_INFORMATION_FORMAT = "dwarf-with-dsym";
				ENABLE_NS_ASSERTIONS = NO;
				ENABLE_STRICT_OBJC_MSGSEND = YES;
				GCC_C_LANGUAGE_STANDARD = gnu11;
				GCC_NO_COMMON_BLOCKS = YES;
				GCC_WARN_64_TO_32_BIT_CONVERSION = YES;
				GCC_WARN_ABOUT_RETURN_TYPE = YES_ERROR;
				GCC_WARN_UNDECLARED_SELECTOR = YES;
				GCC_WARN_UNINITIALIZED_AUTOS = YES_AGGRESSIVE;
				GCC_WARN_UNUSED_FUNCTION = YES;
				GCC_WARN_UNUSED_VARIABLE = YES;
				IPHONEOS_DEPLOYMENT_TARGET = 13.1;
				MTL_ENABLE_DEBUG_INFO = NO;
				MTL_FAST_MATH = YES;
				SDKROOT = iphoneos;
				SWIFT_COMPILATION_MODE = wholemodule;
				SWIFT_OPTIMIZATION_LEVEL = "-O";
				VALIDATE_PRODUCT = YES;
			};
			name = Release;
		};
		F1A6E2322363E0DA00BFB6A7 /* Debug */ = {
			isa = XCBuildConfiguration;
			buildSettings = {
				ASSETCATALOG_COMPILER_APPICON_NAME = AppIcon;
				CODE_SIGN_STYLE = Automatic;
				DEVELOPMENT_TEAM = 9V323J43KF;
				INFOPLIST_FILE = MasterMoviesApp/Info.plist;
				LD_RUNPATH_SEARCH_PATHS = (
					"$(inherited)",
					"@executable_path/Frameworks",
				);
				PRODUCT_BUNDLE_IDENTIFIER = com.rlaguilar.MasterMoviesApp;
				PRODUCT_NAME = "$(TARGET_NAME)";
				SWIFT_VERSION = 5.0;
				TARGETED_DEVICE_FAMILY = "1,2";
			};
			name = Debug;
		};
		F1A6E2332363E0DA00BFB6A7 /* Release */ = {
			isa = XCBuildConfiguration;
			buildSettings = {
				ASSETCATALOG_COMPILER_APPICON_NAME = AppIcon;
				CODE_SIGN_STYLE = Automatic;
				DEVELOPMENT_TEAM = 9V323J43KF;
				INFOPLIST_FILE = MasterMoviesApp/Info.plist;
				LD_RUNPATH_SEARCH_PATHS = (
					"$(inherited)",
					"@executable_path/Frameworks",
				);
				PRODUCT_BUNDLE_IDENTIFIER = com.rlaguilar.MasterMoviesApp;
				PRODUCT_NAME = "$(TARGET_NAME)";
				SWIFT_VERSION = 5.0;
				TARGETED_DEVICE_FAMILY = "1,2";
			};
			name = Release;
		};
		F1A6E2352363E0DA00BFB6A7 /* Debug */ = {
			isa = XCBuildConfiguration;
			buildSettings = {
				ALWAYS_EMBED_SWIFT_STANDARD_LIBRARIES = YES;
				BUNDLE_LOADER = "$(TEST_HOST)";
				CODE_SIGN_STYLE = Automatic;
				DEVELOPMENT_TEAM = 9V323J43KF;
				INFOPLIST_FILE = MasterMoviesAppTests/Info.plist;
				IPHONEOS_DEPLOYMENT_TARGET = 13.1;
				LD_RUNPATH_SEARCH_PATHS = (
					"$(inherited)",
					"@executable_path/Frameworks",
					"@loader_path/Frameworks",
				);
				PRODUCT_BUNDLE_IDENTIFIER = com.rlaguilar.MasterMoviesAppTests;
				PRODUCT_NAME = "$(TARGET_NAME)";
				SWIFT_VERSION = 5.0;
				TARGETED_DEVICE_FAMILY = "1,2";
				TEST_HOST = "$(BUILT_PRODUCTS_DIR)/MasterMoviesApp.app/MasterMoviesApp";
			};
			name = Debug;
		};
		F1A6E2362363E0DA00BFB6A7 /* Release */ = {
			isa = XCBuildConfiguration;
			buildSettings = {
				ALWAYS_EMBED_SWIFT_STANDARD_LIBRARIES = YES;
				BUNDLE_LOADER = "$(TEST_HOST)";
				CODE_SIGN_STYLE = Automatic;
				DEVELOPMENT_TEAM = 9V323J43KF;
				INFOPLIST_FILE = MasterMoviesAppTests/Info.plist;
				IPHONEOS_DEPLOYMENT_TARGET = 13.1;
				LD_RUNPATH_SEARCH_PATHS = (
					"$(inherited)",
					"@executable_path/Frameworks",
					"@loader_path/Frameworks",
				);
				PRODUCT_BUNDLE_IDENTIFIER = com.rlaguilar.MasterMoviesAppTests;
				PRODUCT_NAME = "$(TARGET_NAME)";
				SWIFT_VERSION = 5.0;
				TARGETED_DEVICE_FAMILY = "1,2";
				TEST_HOST = "$(BUILT_PRODUCTS_DIR)/MasterMoviesApp.app/MasterMoviesApp";
			};
			name = Release;
		};
		F1A6E2382363E0DA00BFB6A7 /* Debug */ = {
			isa = XCBuildConfiguration;
			buildSettings = {
				ALWAYS_EMBED_SWIFT_STANDARD_LIBRARIES = YES;
				CODE_SIGN_STYLE = Automatic;
				DEVELOPMENT_TEAM = 9V323J43KF;
				INFOPLIST_FILE = MasterMoviesAppUITests/Info.plist;
				LD_RUNPATH_SEARCH_PATHS = (
					"$(inherited)",
					"@executable_path/Frameworks",
					"@loader_path/Frameworks",
				);
				PRODUCT_BUNDLE_IDENTIFIER = com.rlaguilar.MasterMoviesAppUITests;
				PRODUCT_NAME = "$(TARGET_NAME)";
				SWIFT_VERSION = 5.0;
				TARGETED_DEVICE_FAMILY = "1,2";
				TEST_TARGET_NAME = MasterMoviesApp;
			};
			name = Debug;
		};
		F1A6E2392363E0DA00BFB6A7 /* Release */ = {
			isa = XCBuildConfiguration;
			buildSettings = {
				ALWAYS_EMBED_SWIFT_STANDARD_LIBRARIES = YES;
				CODE_SIGN_STYLE = Automatic;
				DEVELOPMENT_TEAM = 9V323J43KF;
				INFOPLIST_FILE = MasterMoviesAppUITests/Info.plist;
				LD_RUNPATH_SEARCH_PATHS = (
					"$(inherited)",
					"@executable_path/Frameworks",
					"@loader_path/Frameworks",
				);
				PRODUCT_BUNDLE_IDENTIFIER = com.rlaguilar.MasterMoviesAppUITests;
				PRODUCT_NAME = "$(TARGET_NAME)";
				SWIFT_VERSION = 5.0;
				TARGETED_DEVICE_FAMILY = "1,2";
				TEST_TARGET_NAME = MasterMoviesApp;
			};
			name = Release;
		};
/* End XCBuildConfiguration section */

/* Begin XCConfigurationList section */
		F1A6E2022363E0D900BFB6A7 /* Build configuration list for PBXProject "MasterMoviesApp" */ = {
			isa = XCConfigurationList;
			buildConfigurations = (
				F1A6E22F2363E0DA00BFB6A7 /* Debug */,
				F1A6E2302363E0DA00BFB6A7 /* Release */,
			);
			defaultConfigurationIsVisible = 0;
			defaultConfigurationName = Release;
		};
		F1A6E2312363E0DA00BFB6A7 /* Build configuration list for PBXNativeTarget "MasterMoviesApp" */ = {
			isa = XCConfigurationList;
			buildConfigurations = (
				F1A6E2322363E0DA00BFB6A7 /* Debug */,
				F1A6E2332363E0DA00BFB6A7 /* Release */,
			);
			defaultConfigurationIsVisible = 0;
			defaultConfigurationName = Release;
		};
		F1A6E2342363E0DA00BFB6A7 /* Build configuration list for PBXNativeTarget "MasterMoviesAppTests" */ = {
			isa = XCConfigurationList;
			buildConfigurations = (
				F1A6E2352363E0DA00BFB6A7 /* Debug */,
				F1A6E2362363E0DA00BFB6A7 /* Release */,
			);
			defaultConfigurationIsVisible = 0;
			defaultConfigurationName = Release;
		};
		F1A6E2372363E0DA00BFB6A7 /* Build configuration list for PBXNativeTarget "MasterMoviesAppUITests" */ = {
			isa = XCConfigurationList;
			buildConfigurations = (
				F1A6E2382363E0DA00BFB6A7 /* Debug */,
				F1A6E2392363E0DA00BFB6A7 /* Release */,
			);
			defaultConfigurationIsVisible = 0;
			defaultConfigurationName = Release;
		};
/* End XCConfigurationList section */

/* Begin XCRemoteSwiftPackageReference section */
		F1A6E2462365B5A900BFB6A7 /* XCRemoteSwiftPackageReference "Kingfisher" */ = {
			isa = XCRemoteSwiftPackageReference;
			repositoryURL = "https://github.com/onevcat/Kingfisher.git";
			requirement = {
				kind = upToNextMajorVersion;
				minimumVersion = 5.9.0;
			};
		};
/* End XCRemoteSwiftPackageReference section */

/* Begin XCSwiftPackageProductDependency section */
		F1A6E2472365B5A900BFB6A7 /* Kingfisher */ = {
			isa = XCSwiftPackageProductDependency;
			package = F1A6E2462365B5A900BFB6A7 /* XCRemoteSwiftPackageReference "Kingfisher" */;
			productName = Kingfisher;
		};
/* End XCSwiftPackageProductDependency section */
	};
	rootObject = F1A6E1FF2363E0D900BFB6A7 /* Project object */;
}
